
Microsoft Visual Studio Solution File, Format Version 12.00
# Visual Studio 15
VisualStudioVersion = 15.0.27130.2024
MinimumVisualStudioVersion = 10.0.40219.1
Project("{E24C65DC-7377-472B-9ABA-BC803B73C61A}") = "HW2", "HW2\", "{1C052B7C-6890-4D4E-827B-2263747C8290}"
	ProjectSection(WebsiteProperties) = preProject
		TargetFrameworkMoniker = ".NETFramework,Version%3Dv4.6.1"
		Debug.AspNetCompiler.VirtualPath = "/localhost_52402"
		Debug.AspNetCompiler.PhysicalPath = "HW2\"
		Debug.AspNetCompiler.TargetPath = "PrecompiledWeb\localhost_52402\"
		Debug.AspNetCompiler.Updateable = "true"
		Debug.AspNetCompiler.ForceOverwrite = "true"
		Debug.AspNetCompiler.FixedNames = "false"
		Debug.AspNetCompiler.Debug = "True"
		Release.AspNetCompiler.VirtualPath = "/localhost_52402"
		Release.AspNetCompiler.PhysicalPath = "HW2\"
		Release.AspNetCompiler.TargetPath = "PrecompiledWeb\localhost_52402\"
		Release.AspNetCompiler.Updateable = "true"
		Release.AspNetCompiler.ForceOverwrite = "true"
		Release.AspNetCompiler.FixedNames = "false"
		Release.AspNetCompiler.Debug = "False"
		VWDPort = "52402"
		SlnRelativePath = "HW2\"
		DefaultWebSiteLanguage = "Visual C#"
	EndProjectSection
EndProject
Global
	GlobalSection(SolutionConfigurationPlatforms) = preSolution
		Debug|Any CPU = Debug|Any CPU
	EndGlobalSection
	GlobalSection(ProjectConfigurationPlatforms) = postSolution
		{1C052B7C-6890-4D4E-827B-2263747C8290}.Debug|Any CPU.ActiveCfg = Debug|Any CPU
		{1C052B7C-6890-4D4E-827B-2263747C8290}.Debug|Any CPU.Build.0 = Debug|Any CPU
	EndGlobalSection
	GlobalSection(SolutionProperties) = preSolution
		HideSolutionNode = FALSE
	EndGlobalSection
	GlobalSection(ExtensibilityGlobals) = postSolution
		SolutionGuid = {C96934E1-BBDE-47D8-80D6-1B9F8A65FFF9}
	EndGlobalSection
EndGlobal
